{
  "requires": true,
  "lockfileVersion": 1,
  "dependencies": {
    "async-pool": {
      "version": "0.2.6",
      "resolved": "https://registry.npmjs.org/async-pool/-/async-pool-0.2.6.tgz",
      "integrity": "sha1-zWg+lHgAt6m8m1WMw5xSItrE5qY=",
      "requires": {
        "bluebird": "^2.9.14",
        "logger-facade-nodejs": "0.0.3"
      }
    },
    "bluebird": {
      "version": "2.11.0",
      "resolved": "https://registry.npmjs.org/bluebird/-/bluebird-2.11.0.tgz",
      "integrity": "sha1-U0uQM8AiyVecVro7Plpcqvu2UOE="
    },
    "logger-facade-nodejs": {
      "version": "0.0.3",
      "resolved": "https://registry.npmjs.org/logger-facade-nodejs/-/logger-facade-nodejs-0.0.3.tgz",
      "integrity": "sha1-AWOLl4CR//SGIIPnpml+jlpVFlw="
    }
  }
}
